
Microsoft Visual Studio Solution File, Format Version 12.00
# Visual Studio Version 17
VisualStudioVersion = 17.10.35013.160
MinimumVisualStudioVersion = 10.0.40219.1
Project("{FAE04EC0-301F-11D3-BF4B-00C04F79EFBC}") = "CheckConsecutiveConsonants", "CheckConsecutiveConsonants\CheckConsecutiveConsonants.csproj", "{9F8FCF5B-FCD1-4863-AB86-BE9C1B739DBD}"
EndProject
Global
	GlobalSection(SolutionConfigurationPlatforms) = preSolution
		Debug|Any CPU = Debug|Any CPU
		Release|Any CPU = Release|Any CPU
	EndGlobalSection
	GlobalSection(ProjectConfigurationPlatforms) = postSolution
		{9F8FCF5B-FCD1-4863-AB86-BE9C1B739DBD}.Debug|Any CPU.ActiveCfg = Debug|Any CPU
		{9F8FCF5B-FCD1-4863-AB86-BE9C1B739DBD}.Debug|Any CPU.Build.0 = Debug|Any CPU
		{9F8FCF5B-FCD1-4863-AB86-BE9C1B739DBD}.Release|Any CPU.ActiveCfg = Release|Any CPU
		{9F8FCF5B-FCD1-4863-AB86-BE9C1B739DBD}.Release|Any CPU.Build.0 = Release|Any CPU
	EndGlobalSection
	GlobalSection(SolutionProperties) = preSolution
		HideSolutionNode = FALSE
	EndGlobalSection
	GlobalSection(ExtensibilityGlobals) = postSolution
		SolutionGuid = {53711D76-7168-492C-BC41-A7A7C76CD574}
	EndGlobalSection
EndGlobal
